
Microsoft Visual Studio Solution File, Format Version 12.00
# Visual Studio Version 17
VisualStudioVersion = 17.0.31903.59
MinimumVisualStudioVersion = 10.0.40219.1
Project("{2150E333-8FDC-42A3-9474-1A3956D46DE8}") = "src", "src", "{827E0CD3-B72D-47B6-A68D-7590B98EB39B}"
EndProject
Project("{FAE04EC0-301F-11D3-BF4B-00C04F79EFBC}") = "BFGA.Core", "src\BFGA.Core\BFGA.Core.csproj", "{9A3EE739-0AAD-47A5-9A9A-95315DB19426}"
EndProject
Project("{FAE04EC0-301F-11D3-BF4B-00C04F79EFBC}") = "BFGA.Network", "src\BFGA.Network\BFGA.Network.csproj", "{1693A347-80EC-481C-B95C-5F985DDCE6B1}"
EndProject
Project("{FAE04EC0-301F-11D3-BF4B-00C04F79EFBC}") = "BFGA.Canvas", "src\BFGA.Canvas\BFGA.Canvas.csproj", "{D4ADB381-289B-433B-A3D6-CB72F393D6A8}"
EndProject
Project("{FAE04EC0-301F-11D3-BF4B-00C04F79EFBC}") = "BFGA.App", "src\BFGA.App\BFGA.App.csproj", "{57D434A7-2DF0-4A2D-92FE-A809B7BADFEE}"
EndProject
Project("{FAE04EC0-301F-11D3-BF4B-00C04F79EFBC}") = "BFGA.Core.Tests", "tests\BFGA.Core.Tests\BFGA.Core.Tests.csproj", "{5C0DA922-77D6-49B7-9BEE-B39DE2B22228}"
EndProject
Project("{FAE04EC0-301F-11D3-BF4B-00C04F79EFBC}") = "BFGA.Network.Tests", "tests\BFGA.Network.Tests\BFGA.Network.Tests.csproj", "{565CCE39-7DE9-4A78-8193-EF68CEA8929D}"
EndProject
Project("{FAE04EC0-301F-11D3-BF4B-00C04F79EFBC}") = "BFGA.App.Tests", "tests\BFGA.App.Tests\BFGA.App.Tests.csproj", "{6E8914D8-FC07-4F39-B8C7-CA0F742F95E3}"
EndProject
Global
	GlobalSection(SolutionConfigurationPlatforms) = preSolution
		Debug|Any CPU = Debug|Any CPU
		Debug|x64 = Debug|x64
		Debug|x86 = Debug|x86
		Release|Any CPU = Release|Any CPU
		Release|x64 = Release|x64
		Release|x86 = Release|x86
	EndGlobalSection
	GlobalSection(ProjectConfigurationPlatforms) = postSolution
		{9A3EE739-0AAD-47A5-9A9A-95315DB19426}.Debug|Any CPU.ActiveCfg = Debug|Any CPU
		{9A3EE739-0AAD-47A5-9A9A-95315DB19426}.Debug|Any CPU.Build.0 = Debug|Any CPU
		{9A3EE739-0AAD-47A5-9A9A-95315DB19426}.Debug|x64.ActiveCfg = Debug|Any CPU
		{9A3EE739-0AAD-47A5-9A9A-95315DB19426}.Debug|x64.Build.0 = Debug|Any CPU
		{9A3EE739-0AAD-47A5-9A9A-95315DB19426}.Debug|x86.ActiveCfg = Debug|Any CPU
		{9A3EE739-0AAD-47A5-9A9A-95315DB19426}.Debug|x86.Build.0 = Debug|Any CPU
		{9A3EE739-0AAD-47A5-9A9A-95315DB19426}.Release|Any CPU.ActiveCfg = Release|Any CPU
		{9A3EE739-0AAD-47A5-9A9A-95315DB19426}.Release|Any CPU.Build.0 = Release|Any CPU
		{9A3EE739-0AAD-47A5-9A9A-95315DB19426}.Release|x64.ActiveCfg = Release|Any CPU
		{9A3EE739-0AAD-47A5-9A9A-95315DB19426}.Release|x64.Build.0 = Release|Any CPU
		{9A3EE739-0AAD-47A5-9A9A-95315DB19426}.Release|x86.ActiveCfg = Release|Any CPU
		{9A3EE739-0AAD-47A5-9A9A-95315DB19426}.Release|x86.Build.0 = Release|Any CPU
		{1693A347-80EC-481C-B95C-5F985DDCE6B1}.Debug|Any CPU.ActiveCfg = Debug|Any CPU
		{1693A347-80EC-481C-B95C-5F985DDCE6B1}.Debug|Any CPU.Build.0 = Debug|Any CPU
		{1693A347-80EC-481C-B95C-5F985DDCE6B1}.Debug|x64.ActiveCfg = Debug|Any CPU
		{1693A347-80EC-481C-B95C-5F985DDCE6B1}.Debug|x64.Build.0 = Debug|Any CPU
		{1693A347-80EC-481C-B95C-5F985DDCE6B1}.Debug|x86.ActiveCfg = Debug|Any CPU
		{1693A347-80EC-481C-B95C-5F985DDCE6B1}.Debug|x86.Build.0 = Debug|Any CPU
		{1693A347-80EC-481C-B95C-5F985DDCE6B1}.Release|Any CPU.ActiveCfg = Release|Any CPU
		{1693A347-80EC-481C-B95C-5F985DDCE6B1}.Release|Any CPU.Build.0 = Release|Any CPU
		{1693A347-80EC-481C-B95C-5F985DDCE6B1}.Release|x64.ActiveCfg = Release|Any CPU
		{1693A347-80EC-481C-B95C-5F985DDCE6B1}.Release|x64.Build.0 = Release|Any CPU
		{1693A347-80EC-481C-B95C-5F985DDCE6B1}.Release|x86.ActiveCfg = Release|Any CPU
		{1693A347-80EC-481C-B95C-5F985DDCE6B1}.Release|x86.Build.0 = Release|Any CPU
		{D4ADB381-289B-433B-A3D6-CB72F393D6A8}.Debug|Any CPU.ActiveCfg = Debug|Any CPU
		{D4ADB381-289B-433B-A3D6-CB72F393D6A8}.Debug|Any CPU.Build.0 = Debug|Any CPU
		{D4ADB381-289B-433B-A3D6-CB72F393D6A8}.Debug|x64.ActiveCfg = Debug|Any CPU
		{D4ADB381-289B-433B-A3D6-CB72F393D6A8}.Debug|x64.Build.0 = Debug|Any CPU
		{D4ADB381-289B-433B-A3D6-CB72F393D6A8}.Debug|x86.ActiveCfg = Debug|Any CPU
		{D4ADB381-289B-433B-A3D6-CB72F393D6A8}.Debug|x86.Build.0 = Debug|Any CPU
		{D4ADB381-289B-433B-A3D6-CB72F393D6A8}.Release|Any CPU.ActiveCfg = Release|Any CPU
		{D4ADB381-289B-433B-A3D6-CB72F393D6A8}.Release|Any CPU.Build.0 = Release|Any CPU
		{D4ADB381-289B-433B-A3D6-CB72F393D6A8}.Release|x64.ActiveCfg = Release|Any CPU
		{D4ADB381-289B-433B-A3D6-CB72F393D6A8}.Release|x64.Build.0 = Release|Any CPU
		{D4ADB381-289B-433B-A3D6-CB72F393D6A8}.Release|x86.ActiveCfg = Release|Any CPU
		{D4ADB381-289B-433B-A3D6-CB72F393D6A8}.Release|x86.Build.0 = Release|Any CPU
		{57D434A7-2DF0-4A2D-92FE-A809B7BADFEE}.Debug|Any CPU.ActiveCfg = Debug|Any CPU
		{57D434A7-2DF0-4A2D-92FE-A809B7BADFEE}.Debug|Any CPU.Build.0 = Debug|Any CPU
		{57D434A7-2DF0-4A2D-92FE-A809B7BADFEE}.Debug|x64.ActiveCfg = Debug|Any CPU
		{57D434A7-2DF0-4A2D-92FE-A809B7BADFEE}.Debug|x64.Build.0 = Debug|Any CPU
		{57D434A7-2DF0-4A2D-92FE-A809B7BADFEE}.Debug|x86.ActiveCfg = Debug|Any CPU
		{57D434A7-2DF0-4A2D-92FE-A809B7BADFEE}.Debug|x86.Build.0 = Debug|Any CPU
		{57D434A7-2DF0-4A2D-92FE-A809B7BADFEE}.Release|Any CPU.ActiveCfg = Release|Any CPU
		{57D434A7-2DF0-4A2D-92FE-A809B7BADFEE}.Release|Any CPU.Build.0 = Release|Any CPU
		{57D434A7-2DF0-4A2D-92FE-A809B7BADFEE}.Release|x64.ActiveCfg = Release|Any CPU
		{57D434A7-2DF0-4A2D-92FE-A809B7BADFEE}.Release|x64.Build.0 = Release|Any CPU
		{57D434A7-2DF0-4A2D-92FE-A809B7BADFEE}.Release|x86.ActiveCfg = Release|Any CPU
		{57D434A7-2DF0-4A2D-92FE-A809B7BADFEE}.Release|x86.Build.0 = Release|Any CPU
		{5C0DA922-77D6-49B7-9BEE-B39DE2B22228}.Debug|Any CPU.ActiveCfg = Debug|Any CPU
		{5C0DA922-77D6-49B7-9BEE-B39DE2B22228}.Debug|Any CPU.Build.0 = Debug|Any CPU
		{5C0DA922-77D6-49B7-9BEE-B39DE2B22228}.Debug|x64.ActiveCfg = Debug|Any CPU
		{5C0DA922-77D6-49B7-9BEE-B39DE2B22228}.Debug|x64.Build.0 = Debug|Any CPU
		{5C0DA922-77D6-49B7-9BEE-B39DE2B22228}.Debug|x86.ActiveCfg = Debug|Any CPU
		{5C0DA922-77D6-49B7-9BEE-B39DE2B22228}.Debug|x86.Build.0 = Debug|Any CPU
		{5C0DA922-77D6-49B7-9BEE-B39DE2B22228}.Release|Any CPU.ActiveCfg = Release|Any CPU
		{5C0DA922-77D6-49B7-9BEE-B39DE2B22228}.Release|Any CPU.Build.0 = Release|Any CPU
		{5C0DA922-77D6-49B7-9BEE-B39DE2B22228}.Release|x64.ActiveCfg = Release|Any CPU
		{5C0DA922-77D6-49B7-9BEE-B39DE2B22228}.Release|x64.Build.0 = Release|Any CPU
		{5C0DA922-77D6-49B7-9BEE-B39DE2B22228}.Release|x86.ActiveCfg = Release|Any CPU
		{5C0DA922-77D6-49B7-9BEE-B39DE2B22228}.Release|x86.Build.0 = Release|Any CPU
		{565CCE39-7DE9-4A78-8193-EF68CEA8929D}.Debug|Any CPU.ActiveCfg = Debug|Any CPU
		{565CCE39-7DE9-4A78-8193-EF68CEA8929D}.Debug|Any CPU.Build.0 = Debug|Any CPU
		{565CCE39-7DE9-4A78-8193-EF68CEA8929D}.Debug|x64.ActiveCfg = Debug|Any CPU
		{565CCE39-7DE9-4A78-8193-EF68CEA8929D}.Debug|x64.Build.0 = Debug|Any CPU
		{565CCE39-7DE9-4A78-8193-EF68CEA8929D}.Debug|x86.ActiveCfg = Debug|Any CPU
		{565CCE39-7DE9-4A78-8193-EF68CEA8929D}.Debug|x86.Build.0 = Debug|Any CPU
		{565CCE39-7DE9-4A78-8193-EF68CEA8929D}.Release|Any CPU.ActiveCfg = Release|Any CPU
		{565CCE39-7DE9-4A78-8193-EF68CEA8929D}.Release|Any CPU.Build.0 = Release|Any CPU
		{565CCE39-7DE9-4A78-8193-EF68CEA8929D}.Release|x64.ActiveCfg = Release|Any CPU
		{565CCE39-7DE9-4A78-8193-EF68CEA8929D}.Release|x64.Build.0 = Release|Any CPU
		{565CCE39-7DE9-4A78-8193-EF68CEA8929D}.Release|x86.ActiveCfg = Release|Any CPU
		{565CCE39-7DE9-4A78-8193-EF68CEA8929D}.Release|x86.Build.0 = Release|Any CPU
		{6E8914D8-FC07-4F39-B8C7-CA0F742F95E3}.Debug|Any CPU.ActiveCfg = Debug|Any CPU
		{6E8914D8-FC07-4F39-B8C7-CA0F742F95E3}.Debug|Any CPU.Build.0 = Debug|Any CPU
		{6E8914D8-FC07-4F39-B8C7-CA0F742F95E3}.Debug|x64.ActiveCfg = Debug|Any CPU
		{6E8914D8-FC07-4F39-B8C7-CA0F742F95E3}.Debug|x64.Build.0 = Debug|Any CPU
		{6E8914D8-FC07-4F39-B8C7-CA0F742F95E3}.Debug|x86.ActiveCfg = Debug|Any CPU
		{6E8914D8-FC07-4F39-B8C7-CA0F742F95E3}.Debug|x86.Build.0 = Debug|Any CPU
		{6E8914D8-FC07-4F39-B8C7-CA0F742F95E3}.Release|Any CPU.ActiveCfg = Release|Any CPU
		{6E8914D8-FC07-4F39-B8C7-CA0F742F95E3}.Release|Any CPU.Build.0 = Release|Any CPU
		{6E8914D8-FC07-4F39-B8C7-CA0F742F95E3}.Release|x64.ActiveCfg = Release|Any CPU
		{6E8914D8-FC07-4F39-B8C7-CA0F742F95E3}.Release|x64.Build.0 = Release|Any CPU
		{6E8914D8-FC07-4F39-B8C7-CA0F742F95E3}.Release|x86.ActiveCfg = Release|Any CPU
		{6E8914D8-FC07-4F39-B8C7-CA0F742F95E3}.Release|x86.Build.0 = Release|Any CPU
	EndGlobalSection
	GlobalSection(SolutionProperties) = preSolution
		HideSolutionNode = FALSE
	EndGlobalSection
	GlobalSection(NestedProjects) = preSolution
		{9A3EE739-0AAD-47A5-9A9A-95315DB19426} = {827E0CD3-B72D-47B6-A68D-7590B98EB39B}
		{1693A347-80EC-481C-B95C-5F985DDCE6B1} = {827E0CD3-B72D-47B6-A68D-7590B98EB39B}
		{D4ADB381-289B-433B-A3D6-CB72F393D6A8} = {827E0CD3-B72D-47B6-A68D-7590B98EB39B}
		{57D434A7-2DF0-4A2D-92FE-A809B7BADFEE} = {827E0CD3-B72D-47B6-A68D-7590B98EB39B}
		{5C0DA922-77D6-49B7-9BEE-B39DE2B22228} = {827E0CD3-B72D-47B6-A68D-7590B98EB39B}
		{565CCE39-7DE9-4A78-8193-EF68CEA8929D} = {827E0CD3-B72D-47B6-A68D-7590B98EB39B}
		{6E8914D8-FC07-4F39-B8C7-CA0F742F95E3} = {827E0CD3-B72D-47B6-A68D-7590B98EB39B}
	EndGlobalSection
EndGlobal
